
Microsoft Visual Studio Solution File, Format Version 12.00
# Visual Studio Version 17
VisualStudioVersion = 17.0.32126.317
MinimumVisualStudioVersion = 10.0.40219.1
Project("{9A19103F-16F7-4668-BE54-9A1E7A4F7556}") = "CuddlesNextGen.API", "CuddlesNextGen.API\CuddlesNextGen.API.csproj", "{8EA802B3-6CB2-4CDA-BE59-1E003DF53FD3}"
EndProject
Project("{9A19103F-16F7-4668-BE54-9A1E7A4F7556}") = "CuddlesNextGen.Domain", "CuddlesNextGen.Domain\CuddlesNextGen.Domain.csproj", "{5BD8ED7B-610D-4BAA-8966-A7CFDB716714}"
EndProject
Project("{9A19103F-16F7-4668-BE54-9A1E7A4F7556}") = "CuddlesNextGen.Infrastructure", "CuddlesNextGen.Infrastructure\CuddlesNextGen.Infrastructure.csproj", "{316F22D2-2A1C-40B5-AD7D-59CB8BA050F1}"
EndProject
Project("{9A19103F-16F7-4668-BE54-9A1E7A4F7556}") = "CuddlesNextGen.Application", "CuddlesNextGen.Application\CuddlesNextGen.Application.csproj", "{6FA42DA0-2DCE-4C5F-BE59-8265A42FFFF3}"
EndProject
Project("{9A19103F-16F7-4668-BE54-9A1E7A4F7556}") = "CuddlesNextGen.DocumentService", "CuddlesNextGen.DocumentService\CuddlesNextGen.DocumentService.csproj", "{FC0E7489-17A7-490A-B208-851F76BE4893}"
EndProject
Global
	GlobalSection(SolutionConfigurationPlatforms) = preSolution
		Debug|Any CPU = Debug|Any CPU
		Release|Any CPU = Release|Any CPU
	EndGlobalSection
	GlobalSection(ProjectConfigurationPlatforms) = postSolution
		{8EA802B3-6CB2-4CDA-BE59-1E003DF53FD3}.Debug|Any CPU.ActiveCfg = Debug|Any CPU
		{8EA802B3-6CB2-4CDA-BE59-1E003DF53FD3}.Debug|Any CPU.Build.0 = Debug|Any CPU
		{8EA802B3-6CB2-4CDA-BE59-1E003DF53FD3}.Release|Any CPU.ActiveCfg = Release|Any CPU
		{8EA802B3-6CB2-4CDA-BE59-1E003DF53FD3}.Release|Any CPU.Build.0 = Release|Any CPU
		{5BD8ED7B-610D-4BAA-8966-A7CFDB716714}.Debug|Any CPU.ActiveCfg = Debug|Any CPU
		{5BD8ED7B-610D-4BAA-8966-A7CFDB716714}.Debug|Any CPU.Build.0 = Debug|Any CPU
		{5BD8ED7B-610D-4BAA-8966-A7CFDB716714}.Release|Any CPU.ActiveCfg = Release|Any CPU
		{5BD8ED7B-610D-4BAA-8966-A7CFDB716714}.Release|Any CPU.Build.0 = Release|Any CPU
		{316F22D2-2A1C-40B5-AD7D-59CB8BA050F1}.Debug|Any CPU.ActiveCfg = Debug|Any CPU
		{316F22D2-2A1C-40B5-AD7D-59CB8BA050F1}.Debug|Any CPU.Build.0 = Debug|Any CPU
		{316F22D2-2A1C-40B5-AD7D-59CB8BA050F1}.Release|Any CPU.ActiveCfg = Release|Any CPU
		{316F22D2-2A1C-40B5-AD7D-59CB8BA050F1}.Release|Any CPU.Build.0 = Release|Any CPU
		{6FA42DA0-2DCE-4C5F-BE59-8265A42FFFF3}.Debug|Any CPU.ActiveCfg = Debug|Any CPU
		{6FA42DA0-2DCE-4C5F-BE59-8265A42FFFF3}.Debug|Any CPU.Build.0 = Debug|Any CPU
		{6FA42DA0-2DCE-4C5F-BE59-8265A42FFFF3}.Release|Any CPU.ActiveCfg = Release|Any CPU
		{6FA42DA0-2DCE-4C5F-BE59-8265A42FFFF3}.Release|Any CPU.Build.0 = Release|Any CPU
		{FC0E7489-17A7-490A-B208-851F76BE4893}.Debug|Any CPU.ActiveCfg = Debug|Any CPU
		{FC0E7489-17A7-490A-B208-851F76BE4893}.Debug|Any CPU.Build.0 = Debug|Any CPU
		{FC0E7489-17A7-490A-B208-851F76BE4893}.Release|Any CPU.ActiveCfg = Release|Any CPU
		{FC0E7489-17A7-490A-B208-851F76BE4893}.Release|Any CPU.Build.0 = Release|Any CPU
	EndGlobalSection
	GlobalSection(SolutionProperties) = preSolution
		HideSolutionNode = FALSE
	EndGlobalSection
	GlobalSection(ExtensibilityGlobals) = postSolution
		SolutionGuid = {AB8BFAC8-A7D6-4891-BE23-B35AB690B48E}
	EndGlobalSection
EndGlobal
